
Microsoft Visual Studio Solution File, Format Version 12.00
# Visual Studio 14
VisualStudioVersion = 14.0.25420.1
MinimumVisualStudioVersion = 10.0.40219.1
Project("{FAE04EC0-301F-11D3-BF4B-00C04F79EFBC}") = "Phoneword.Droid", "Phoneword\Phoneword.Droid\Phoneword.Droid.csproj", "{F2DE7620-3999-4FB4-B6E1-07EF4AD70D4E}"
EndProject
Project("{FAE04EC0-301F-11D3-BF4B-00C04F79EFBC}") = "Phoneword.iOS", "Phoneword\Phoneword.iOS\Phoneword.iOS.csproj", "{21F47ED4-98A7-4311-AF77-ED7BA267DC75}"
EndProject
Project("{FAE04EC0-301F-11D3-BF4B-00C04F79EFBC}") = "Phoneword.WinPhone", "Phoneword\Phoneword.WinPhone\Phoneword.WinPhone.csproj", "{91521189-8911-444D-90BE-266C78B032E2}"
EndProject
Project("{FAE04EC0-301F-11D3-BF4B-00C04F79EFBC}") = "Phoneword.Windows", "Phoneword\Phoneword.Windows\Phoneword.Windows.csproj", "{58B18219-B03B-4EB0-BB8B-7FA91BC3968E}"
EndProject
Project("{FAE04EC0-301F-11D3-BF4B-00C04F79EFBC}") = "Phoneword", "Phoneword\Phoneword\Phoneword.csproj", "{4D7EDDD0-578C-4BB2-864D-119161B9867D}"
EndProject
Project("{FAE04EC0-301F-11D3-BF4B-00C04F79EFBC}") = "PhonewordUITest", "Phoneword\PhonewordUITest\PhonewordUITest\PhonewordUITest.csproj", "{C80CA568-D346-4CFF-82B5-6BA4DC481AAD}"
EndProject
Project("{FAE04EC0-301F-11D3-BF4B-00C04F79EFBC}") = "PhonewordUITest.Android", "Phoneword\PhonewordUITest.Android\PhonewordUITest-Android\PhonewordUITest.Android.csproj", "{0E33B6E6-0F75-4823-B1DC-120A20FF21CB}"
EndProject
Global
	GlobalSection(SolutionConfigurationPlatforms) = preSolution
		Ad-Hoc|Any CPU = Ad-Hoc|Any CPU
		Ad-Hoc|ARM = Ad-Hoc|ARM
		Ad-Hoc|iPhone = Ad-Hoc|iPhone
		Ad-Hoc|iPhoneSimulator = Ad-Hoc|iPhoneSimulator
		Ad-Hoc|x64 = Ad-Hoc|x64
		Ad-Hoc|x86 = Ad-Hoc|x86
		AppStore|Any CPU = AppStore|Any CPU
		AppStore|ARM = AppStore|ARM
		AppStore|iPhone = AppStore|iPhone
		AppStore|iPhoneSimulator = AppStore|iPhoneSimulator
		AppStore|x64 = AppStore|x64
		AppStore|x86 = AppStore|x86
		Debug|Any CPU = Debug|Any CPU
		Debug|ARM = Debug|ARM
		Debug|iPhone = Debug|iPhone
		Debug|iPhoneSimulator = Debug|iPhoneSimulator
		Debug|x64 = Debug|x64
		Debug|x86 = Debug|x86
		Release|Any CPU = Release|Any CPU
		Release|ARM = Release|ARM
		Release|iPhone = Release|iPhone
		Release|iPhoneSimulator = Release|iPhoneSimulator
		Release|x64 = Release|x64
		Release|x86 = Release|x86
	EndGlobalSection
	GlobalSection(ProjectConfigurationPlatforms) = postSolution
		{F2DE7620-3999-4FB4-B6E1-07EF4AD70D4E}.Ad-Hoc|Any CPU.ActiveCfg = Release|Any CPU
		{F2DE7620-3999-4FB4-B6E1-07EF4AD70D4E}.Ad-Hoc|Any CPU.Build.0 = Release|Any CPU
		{F2DE7620-3999-4FB4-B6E1-07EF4AD70D4E}.Ad-Hoc|Any CPU.Deploy.0 = Release|Any CPU
		{F2DE7620-3999-4FB4-B6E1-07EF4AD70D4E}.Ad-Hoc|ARM.ActiveCfg = Release|Any CPU
		{F2DE7620-3999-4FB4-B6E1-07EF4AD70D4E}.Ad-Hoc|ARM.Build.0 = Release|Any CPU
		{F2DE7620-3999-4FB4-B6E1-07EF4AD70D4E}.Ad-Hoc|ARM.Deploy.0 = Release|Any CPU
		{F2DE7620-3999-4FB4-B6E1-07EF4AD70D4E}.Ad-Hoc|iPhone.ActiveCfg = Release|Any CPU
		{F2DE7620-3999-4FB4-B6E1-07EF4AD70D4E}.Ad-Hoc|iPhone.Build.0 = Release|Any CPU
		{F2DE7620-3999-4FB4-B6E1-07EF4AD70D4E}.Ad-Hoc|iPhone.Deploy.0 = Release|Any CPU
		{F2DE7620-3999-4FB4-B6E1-07EF4AD70D4E}.Ad-Hoc|iPhoneSimulator.ActiveCfg = Release|Any CPU
		{F2DE7620-3999-4FB4-B6E1-07EF4AD70D4E}.Ad-Hoc|iPhoneSimulator.Build.0 = Release|Any CPU
		{F2DE7620-3999-4FB4-B6E1-07EF4AD70D4E}.Ad-Hoc|iPhoneSimulator.Deploy.0 = Release|Any CPU
		{F2DE7620-3999-4FB4-B6E1-07EF4AD70D4E}.Ad-Hoc|x64.ActiveCfg = Release|Any CPU
		{F2DE7620-3999-4FB4-B6E1-07EF4AD70D4E}.Ad-Hoc|x64.Build.0 = Release|Any CPU
		{F2DE7620-3999-4FB4-B6E1-07EF4AD70D4E}.Ad-Hoc|x64.Deploy.0 = Release|Any CPU
		{F2DE7620-3999-4FB4-B6E1-07EF4AD70D4E}.Ad-Hoc|x86.ActiveCfg = Release|Any CPU
		{F2DE7620-3999-4FB4-B6E1-07EF4AD70D4E}.Ad-Hoc|x86.Build.0 = Release|Any CPU
		{F2DE7620-3999-4FB4-B6E1-07EF4AD70D4E}.Ad-Hoc|x86.Deploy.0 = Release|Any CPU
		{F2DE7620-3999-4FB4-B6E1-07EF4AD70D4E}.AppStore|Any CPU.ActiveCfg = Release|Any CPU
		{F2DE7620-3999-4FB4-B6E1-07EF4AD70D4E}.AppStore|Any CPU.Build.0 = Release|Any CPU
		{F2DE7620-3999-4FB4-B6E1-07EF4AD70D4E}.AppStore|Any CPU.Deploy.0 = Release|Any CPU
		{F2DE7620-3999-4FB4-B6E1-07EF4AD70D4E}.AppStore|ARM.ActiveCfg = Release|Any CPU
		{F2DE7620-3999-4FB4-B6E1-07EF4AD70D4E}.AppStore|ARM.Build.0 = Release|Any CPU
		{F2DE7620-3999-4FB4-B6E1-07EF4AD70D4E}.AppStore|ARM.Deploy.0 = Release|Any CPU
		{F2DE7620-3999-4FB4-B6E1-07EF4AD70D4E}.AppStore|iPhone.ActiveCfg = Release|Any CPU
		{F2DE7620-3999-4FB4-B6E1-07EF4AD70D4E}.AppStore|iPhone.Build.0 = Release|Any CPU
		{F2DE7620-3999-4FB4-B6E1-07EF4AD70D4E}.AppStore|iPhone.Deploy.0 = Release|Any CPU
		{F2DE7620-3999-4FB4-B6E1-07EF4AD70D4E}.AppStore|iPhoneSimulator.ActiveCfg = Release|Any CPU
		{F2DE7620-3999-4FB4-B6E1-07EF4AD70D4E}.AppStore|iPhoneSimulator.Build.0 = Release|Any CPU
		{F2DE7620-3999-4FB4-B6E1-07EF4AD70D4E}.AppStore|iPhoneSimulator.Deploy.0 = Release|Any CPU
		{F2DE7620-3999-4FB4-B6E1-07EF4AD70D4E}.AppStore|x64.ActiveCfg = Release|Any CPU
		{F2DE7620-3999-4FB4-B6E1-07EF4AD70D4E}.AppStore|x64.Build.0 = Release|Any CPU
		{F2DE7620-3999-4FB4-B6E1-07EF4AD70D4E}.AppStore|x64.Deploy.0 = Release|Any CPU
		{F2DE7620-3999-4FB4-B6E1-07EF4AD70D4E}.AppStore|x86.ActiveCfg = Release|Any CPU
		{F2DE7620-3999-4FB4-B6E1-07EF4AD70D4E}.AppStore|x86.Build.0 = Release|Any CPU
		{F2DE7620-3999-4FB4-B6E1-07EF4AD70D4E}.AppStore|x86.Deploy.0 = Release|Any CPU
		{F2DE7620-3999-4FB4-B6E1-07EF4AD70D4E}.Debug|Any CPU.ActiveCfg = Debug|Any CPU
		{F2DE7620-3999-4FB4-B6E1-07EF4AD70D4E}.Debug|Any CPU.Build.0 = Debug|Any CPU
		{F2DE7620-3999-4FB4-B6E1-07EF4AD70D4E}.Debug|Any CPU.Deploy.0 = Debug|Any CPU
		{F2DE7620-3999-4FB4-B6E1-07EF4AD70D4E}.Debug|ARM.ActiveCfg = Debug|Any CPU
		{F2DE7620-3999-4FB4-B6E1-07EF4AD70D4E}.Debug|ARM.Build.0 = Debug|Any CPU
		{F2DE7620-3999-4FB4-B6E1-07EF4AD70D4E}.Debug|ARM.Deploy.0 = Debug|Any CPU
		{F2DE7620-3999-4FB4-B6E1-07EF4AD70D4E}.Debug|iPhone.ActiveCfg = Debug|Any CPU
		{F2DE7620-3999-4FB4-B6E1-07EF4AD70D4E}.Debug|iPhone.Build.0 = Debug|Any CPU
		{F2DE7620-3999-4FB4-B6E1-07EF4AD70D4E}.Debug|iPhone.Deploy.0 = Debug|Any CPU
		{F2DE7620-3999-4FB4-B6E1-07EF4AD70D4E}.Debug|iPhoneSimulator.ActiveCfg = Debug|Any CPU
		{F2DE7620-3999-4FB4-B6E1-07EF4AD70D4E}.Debug|iPhoneSimulator.Build.0 = Debug|Any CPU
		{F2DE7620-3999-4FB4-B6E1-07EF4AD70D4E}.Debug|iPhoneSimulator.Deploy.0 = Debug|Any CPU
		{F2DE7620-3999-4FB4-B6E1-07EF4AD70D4E}.Debug|x64.ActiveCfg = Debug|Any CPU
		{F2DE7620-3999-4FB4-B6E1-07EF4AD70D4E}.Debug|x64.Build.0 = Debug|Any CPU
		{F2DE7620-3999-4FB4-B6E1-07EF4AD70D4E}.Debug|x64.Deploy.0 = Debug|Any CPU
		{F2DE7620-3999-4FB4-B6E1-07EF4AD70D4E}.Debug|x86.ActiveCfg = Debug|Any CPU
		{F2DE7620-3999-4FB4-B6E1-07EF4AD70D4E}.Debug|x86.Build.0 = Debug|Any CPU
		{F2DE7620-3999-4FB4-B6E1-07EF4AD70D4E}.Debug|x86.Deploy.0 = Debug|Any CPU
		{F2DE7620-3999-4FB4-B6E1-07EF4AD70D4E}.Release|Any CPU.ActiveCfg = Release|Any CPU
		{F2DE7620-3999-4FB4-B6E1-07EF4AD70D4E}.Release|Any CPU.Build.0 = Release|Any CPU
		{F2DE7620-3999-4FB4-B6E1-07EF4AD70D4E}.Release|Any CPU.Deploy.0 = Release|Any CPU
		{F2DE7620-3999-4FB4-B6E1-07EF4AD70D4E}.Release|ARM.ActiveCfg = Release|Any CPU
		{F2DE7620-3999-4FB4-B6E1-07EF4AD70D4E}.Release|ARM.Build.0 = Release|Any CPU
		{F2DE7620-3999-4FB4-B6E1-07EF4AD70D4E}.Release|ARM.Deploy.0 = Release|Any CPU
		{F2DE7620-3999-4FB4-B6E1-07EF4AD70D4E}.Release|iPhone.ActiveCfg = Release|Any CPU
		{F2DE7620-3999-4FB4-B6E1-07EF4AD70D4E}.Release|iPhone.Build.0 = Release|Any CPU
		{F2DE7620-3999-4FB4-B6E1-07EF4AD70D4E}.Release|iPhone.Deploy.0 = Release|Any CPU
		{F2DE7620-3999-4FB4-B6E1-07EF4AD70D4E}.Release|iPhoneSimulator.ActiveCfg = Release|Any CPU
		{F2DE7620-3999-4FB4-B6E1-07EF4AD70D4E}.Release|iPhoneSimulator.Build.0 = Release|Any CPU
		{F2DE7620-3999-4FB4-B6E1-07EF4AD70D4E}.Release|iPhoneSimulator.Deploy.0 = Release|Any CPU
		{F2DE7620-3999-4FB4-B6E1-07EF4AD70D4E}.Release|x64.ActiveCfg = Release|Any CPU
		{F2DE7620-3999-4FB4-B6E1-07EF4AD70D4E}.Release|x64.Build.0 = Release|Any CPU
		{F2DE7620-3999-4FB4-B6E1-07EF4AD70D4E}.Release|x64.Deploy.0 = Release|Any CPU
		{F2DE7620-3999-4FB4-B6E1-07EF4AD70D4E}.Release|x86.ActiveCfg = Release|Any CPU
		{F2DE7620-3999-4FB4-B6E1-07EF4AD70D4E}.Release|x86.Build.0 = Release|Any CPU
		{F2DE7620-3999-4FB4-B6E1-07EF4AD70D4E}.Release|x86.Deploy.0 = Release|Any CPU
		{21F47ED4-98A7-4311-AF77-ED7BA267DC75}.Ad-Hoc|Any CPU.ActiveCfg = Ad-Hoc|iPhone
		{21F47ED4-98A7-4311-AF77-ED7BA267DC75}.Ad-Hoc|ARM.ActiveCfg = Ad-Hoc|iPhone
		{21F47ED4-98A7-4311-AF77-ED7BA267DC75}.Ad-Hoc|iPhone.ActiveCfg = Ad-Hoc|iPhone
		{21F47ED4-98A7-4311-AF77-ED7BA267DC75}.Ad-Hoc|iPhone.Build.0 = Ad-Hoc|iPhone
		{21F47ED4-98A7-4311-AF77-ED7BA267DC75}.Ad-Hoc|iPhoneSimulator.ActiveCfg = Ad-Hoc|iPhoneSimulator
		{21F47ED4-98A7-4311-AF77-ED7BA267DC75}.Ad-Hoc|iPhoneSimulator.Build.0 = Ad-Hoc|iPhoneSimulator
		{21F47ED4-98A7-4311-AF77-ED7BA267DC75}.Ad-Hoc|x64.ActiveCfg = Ad-Hoc|iPhone
		{21F47ED4-98A7-4311-AF77-ED7BA267DC75}.Ad-Hoc|x86.ActiveCfg = Ad-Hoc|iPhone
		{21F47ED4-98A7-4311-AF77-ED7BA267DC75}.AppStore|Any CPU.ActiveCfg = AppStore|iPhone
		{21F47ED4-98A7-4311-AF77-ED7BA267DC75}.AppStore|ARM.ActiveCfg = AppStore|iPhone
		{21F47ED4-98A7-4311-AF77-ED7BA267DC75}.AppStore|iPhone.ActiveCfg = AppStore|iPhone
		{21F47ED4-98A7-4311-AF77-ED7BA267DC75}.AppStore|iPhone.Build.0 = AppStore|iPhone
		{21F47ED4-98A7-4311-AF77-ED7BA267DC75}.AppStore|iPhoneSimulator.ActiveCfg = AppStore|iPhoneSimulator
		{21F47ED4-98A7-4311-AF77-ED7BA267DC75}.AppStore|iPhoneSimulator.Build.0 = AppStore|iPhoneSimulator
		{21F47ED4-98A7-4311-AF77-ED7BA267DC75}.AppStore|x64.ActiveCfg = AppStore|iPhone
		{21F47ED4-98A7-4311-AF77-ED7BA267DC75}.AppStore|x86.ActiveCfg = AppStore|iPhone
		{21F47ED4-98A7-4311-AF77-ED7BA267DC75}.Debug|Any CPU.ActiveCfg = Debug|iPhone
		{21F47ED4-98A7-4311-AF77-ED7BA267DC75}.Debug|ARM.ActiveCfg = Debug|iPhone
		{21F47ED4-98A7-4311-AF77-ED7BA267DC75}.Debug|iPhone.ActiveCfg = Debug|iPhone
		{21F47ED4-98A7-4311-AF77-ED7BA267DC75}.Debug|iPhone.Build.0 = Debug|iPhone
		{21F47ED4-98A7-4311-AF77-ED7BA267DC75}.Debug|iPhoneSimulator.ActiveCfg = Debug|iPhoneSimulator
		{21F47ED4-98A7-4311-AF77-ED7BA267DC75}.Debug|iPhoneSimulator.Build.0 = Debug|iPhoneSimulator
		{21F47ED4-98A7-4311-AF77-ED7BA267DC75}.Debug|x64.ActiveCfg = Debug|iPhone
		{21F47ED4-98A7-4311-AF77-ED7BA267DC75}.Debug|x86.ActiveCfg = Debug|iPhone
		{21F47ED4-98A7-4311-AF77-ED7BA267DC75}.Release|Any CPU.ActiveCfg = Release|iPhone
		{21F47ED4-98A7-4311-AF77-ED7BA267DC75}.Release|ARM.ActiveCfg = Release|iPhone
		{21F47ED4-98A7-4311-AF77-ED7BA267DC75}.Release|iPhone.ActiveCfg = Release|iPhone
		{21F47ED4-98A7-4311-AF77-ED7BA267DC75}.Release|iPhone.Build.0 = Release|iPhone
		{21F47ED4-98A7-4311-AF77-ED7BA267DC75}.Release|iPhoneSimulator.ActiveCfg = Release|iPhoneSimulator
		{21F47ED4-98A7-4311-AF77-ED7BA267DC75}.Release|iPhoneSimulator.Build.0 = Release|iPhoneSimulator
		{21F47ED4-98A7-4311-AF77-ED7BA267DC75}.Release|x64.ActiveCfg = Release|iPhone
		{21F47ED4-98A7-4311-AF77-ED7BA267DC75}.Release|x86.ActiveCfg = Release|iPhone
		{91521189-8911-444D-90BE-266C78B032E2}.Ad-Hoc|Any CPU.ActiveCfg = Release|Any CPU
		{91521189-8911-444D-90BE-266C78B032E2}.Ad-Hoc|Any CPU.Build.0 = Release|Any CPU
		{91521189-8911-444D-90BE-266C78B032E2}.Ad-Hoc|Any CPU.Deploy.0 = Release|Any CPU
		{91521189-8911-444D-90BE-266C78B032E2}.Ad-Hoc|ARM.ActiveCfg = Release|ARM
		{91521189-8911-444D-90BE-266C78B032E2}.Ad-Hoc|ARM.Build.0 = Release|ARM
		{91521189-8911-444D-90BE-266C78B032E2}.Ad-Hoc|ARM.Deploy.0 = Release|ARM
		{91521189-8911-444D-90BE-266C78B032E2}.Ad-Hoc|iPhone.ActiveCfg = Release|Any CPU
		{91521189-8911-444D-90BE-266C78B032E2}.Ad-Hoc|iPhone.Build.0 = Release|Any CPU
		{91521189-8911-444D-90BE-266C78B032E2}.Ad-Hoc|iPhone.Deploy.0 = Release|Any CPU
		{91521189-8911-444D-90BE-266C78B032E2}.Ad-Hoc|iPhoneSimulator.ActiveCfg = Release|Any CPU
		{91521189-8911-444D-90BE-266C78B032E2}.Ad-Hoc|iPhoneSimulator.Build.0 = Release|Any CPU
		{91521189-8911-444D-90BE-266C78B032E2}.Ad-Hoc|iPhoneSimulator.Deploy.0 = Release|Any CPU
		{91521189-8911-444D-90BE-266C78B032E2}.Ad-Hoc|x64.ActiveCfg = Release|Any CPU
		{91521189-8911-444D-90BE-266C78B032E2}.Ad-Hoc|x64.Build.0 = Release|Any CPU
		{91521189-8911-444D-90BE-266C78B032E2}.Ad-Hoc|x64.Deploy.0 = Release|Any CPU
		{91521189-8911-444D-90BE-266C78B032E2}.Ad-Hoc|x86.ActiveCfg = Release|x86
		{91521189-8911-444D-90BE-266C78B032E2}.Ad-Hoc|x86.Build.0 = Release|x86
		{91521189-8911-444D-90BE-266C78B032E2}.Ad-Hoc|x86.Deploy.0 = Release|x86
		{91521189-8911-444D-90BE-266C78B032E2}.AppStore|Any CPU.ActiveCfg = Release|Any CPU
		{91521189-8911-444D-90BE-266C78B032E2}.AppStore|Any CPU.Build.0 = Release|Any CPU
		{91521189-8911-444D-90BE-266C78B032E2}.AppStore|Any CPU.Deploy.0 = Release|Any CPU
		{91521189-8911-444D-90BE-266C78B032E2}.AppStore|ARM.ActiveCfg = Release|ARM
		{91521189-8911-444D-90BE-266C78B032E2}.AppStore|ARM.Build.0 = Release|ARM
		{91521189-8911-444D-90BE-266C78B032E2}.AppStore|ARM.Deploy.0 = Release|ARM
		{91521189-8911-444D-90BE-266C78B032E2}.AppStore|iPhone.ActiveCfg = Release|Any CPU
		{91521189-8911-444D-90BE-266C78B032E2}.AppStore|iPhone.Build.0 = Release|Any CPU
		{91521189-8911-444D-90BE-266C78B032E2}.AppStore|iPhone.Deploy.0 = Release|Any CPU
		{91521189-8911-444D-90BE-266C78B032E2}.AppStore|iPhoneSimulator.ActiveCfg = Release|Any CPU
		{91521189-8911-444D-90BE-266C78B032E2}.AppStore|iPhoneSimulator.Build.0 = Release|Any CPU
		{91521189-8911-444D-90BE-266C78B032E2}.AppStore|iPhoneSimulator.Deploy.0 = Release|Any CPU
		{91521189-8911-444D-90BE-266C78B032E2}.AppStore|x64.ActiveCfg = Release|Any CPU
		{91521189-8911-444D-90BE-266C78B032E2}.AppStore|x64.Build.0 = Release|Any CPU
		{91521189-8911-444D-90BE-266C78B032E2}.AppStore|x64.Deploy.0 = Release|Any CPU
		{91521189-8911-444D-90BE-266C78B032E2}.AppStore|x86.ActiveCfg = Release|x86
		{91521189-8911-444D-90BE-266C78B032E2}.AppStore|x86.Build.0 = Release|x86
		{91521189-8911-444D-90BE-266C78B032E2}.AppStore|x86.Deploy.0 = Release|x86
		{91521189-8911-444D-90BE-266C78B032E2}.Debug|Any CPU.ActiveCfg = Debug|Any CPU
		{91521189-8911-444D-90BE-266C78B032E2}.Debug|Any CPU.Build.0 = Debug|Any CPU
		{91521189-8911-444D-90BE-266C78B032E2}.Debug|Any CPU.Deploy.0 = Debug|Any CPU
		{91521189-8911-444D-90BE-266C78B032E2}.Debug|ARM.ActiveCfg = Debug|ARM
		{91521189-8911-444D-90BE-266C78B032E2}.Debug|ARM.Build.0 = Debug|ARM
		{91521189-8911-444D-90BE-266C78B032E2}.Debug|ARM.Deploy.0 = Debug|ARM
		{91521189-8911-444D-90BE-266C78B032E2}.Debug|iPhone.ActiveCfg = Debug|Any CPU
		{91521189-8911-444D-90BE-266C78B032E2}.Debug|iPhone.Build.0 = Debug|Any CPU
		{91521189-8911-444D-90BE-266C78B032E2}.Debug|iPhone.Deploy.0 = Debug|Any CPU
		{91521189-8911-444D-90BE-266C78B032E2}.Debug|iPhoneSimulator.ActiveCfg = Debug|Any CPU
		{91521189-8911-444D-90BE-266C78B032E2}.Debug|iPhoneSimulator.Build.0 = Debug|Any CPU
		{91521189-8911-444D-90BE-266C78B032E2}.Debug|iPhoneSimulator.Deploy.0 = Debug|Any CPU
		{91521189-8911-444D-90BE-266C78B032E2}.Debug|x64.ActiveCfg = Debug|Any CPU
		{91521189-8911-444D-90BE-266C78B032E2}.Debug|x64.Build.0 = Debug|Any CPU
		{91521189-8911-444D-90BE-266C78B032E2}.Debug|x64.Deploy.0 = Debug|Any CPU
		{91521189-8911-444D-90BE-266C78B032E2}.Debug|x86.ActiveCfg = Debug|x86
		{91521189-8911-444D-90BE-266C78B032E2}.Debug|x86.Build.0 = Debug|x86
		{91521189-8911-444D-90BE-266C78B032E2}.Debug|x86.Deploy.0 = Debug|x86
		{91521189-8911-444D-90BE-266C78B032E2}.Release|Any CPU.ActiveCfg = Release|Any CPU
		{91521189-8911-444D-90BE-266C78B032E2}.Release|Any CPU.Build.0 = Release|Any CPU
		{91521189-8911-444D-90BE-266C78B032E2}.Release|Any CPU.Deploy.0 = Release|Any CPU
		{91521189-8911-444D-90BE-266C78B032E2}.Release|ARM.ActiveCfg = Release|ARM
		{91521189-8911-444D-90BE-266C78B032E2}.Release|ARM.Build.0 = Release|ARM
		{91521189-8911-444D-90BE-266C78B032E2}.Release|ARM.Deploy.0 = Release|ARM
		{91521189-8911-444D-90BE-266C78B032E2}.Release|iPhone.ActiveCfg = Release|Any CPU
		{91521189-8911-444D-90BE-266C78B032E2}.Release|iPhone.Build.0 = Release|Any CPU
		{91521189-8911-444D-90BE-266C78B032E2}.Release|iPhone.Deploy.0 = Release|Any CPU
		{91521189-8911-444D-90BE-266C78B032E2}.Release|iPhoneSimulator.ActiveCfg = Release|Any CPU
		{91521189-8911-444D-90BE-266C78B032E2}.Release|iPhoneSimulator.Build.0 = Release|Any CPU
		{91521189-8911-444D-90BE-266C78B032E2}.Release|iPhoneSimulator.Deploy.0 = Release|Any CPU
		{91521189-8911-444D-90BE-266C78B032E2}.Release|x64.ActiveCfg = Release|Any CPU
		{91521189-8911-444D-90BE-266C78B032E2}.Release|x64.Build.0 = Release|Any CPU
		{91521189-8911-444D-90BE-266C78B032E2}.Release|x64.Deploy.0 = Release|Any CPU
		{91521189-8911-444D-90BE-266C78B032E2}.Release|x86.ActiveCfg = Release|x86
		{91521189-8911-444D-90BE-266C78B032E2}.Release|x86.Build.0 = Release|x86
		{91521189-8911-444D-90BE-266C78B032E2}.Release|x86.Deploy.0 = Release|x86
		{58B18219-B03B-4EB0-BB8B-7FA91BC3968E}.Ad-Hoc|Any CPU.ActiveCfg = Release|Any CPU
		{58B18219-B03B-4EB0-BB8B-7FA91BC3968E}.Ad-Hoc|Any CPU.Build.0 = Release|Any CPU
		{58B18219-B03B-4EB0-BB8B-7FA91BC3968E}.Ad-Hoc|Any CPU.Deploy.0 = Release|Any CPU
		{58B18219-B03B-4EB0-BB8B-7FA91BC3968E}.Ad-Hoc|ARM.ActiveCfg = Release|ARM
		{58B18219-B03B-4EB0-BB8B-7FA91BC3968E}.Ad-Hoc|ARM.Build.0 = Release|ARM
		{58B18219-B03B-4EB0-BB8B-7FA91BC3968E}.Ad-Hoc|ARM.Deploy.0 = Release|ARM
		{58B18219-B03B-4EB0-BB8B-7FA91BC3968E}.Ad-Hoc|iPhone.ActiveCfg = Release|Any CPU
		{58B18219-B03B-4EB0-BB8B-7FA91BC3968E}.Ad-Hoc|iPhone.Build.0 = Release|Any CPU
		{58B18219-B03B-4EB0-BB8B-7FA91BC3968E}.Ad-Hoc|iPhone.Deploy.0 = Release|Any CPU
		{58B18219-B03B-4EB0-BB8B-7FA91BC3968E}.Ad-Hoc|iPhoneSimulator.ActiveCfg = Release|Any CPU
		{58B18219-B03B-4EB0-BB8B-7FA91BC3968E}.Ad-Hoc|iPhoneSimulator.Build.0 = Release|Any CPU
		{58B18219-B03B-4EB0-BB8B-7FA91BC3968E}.Ad-Hoc|iPhoneSimulator.Deploy.0 = Release|Any CPU
		{58B18219-B03B-4EB0-BB8B-7FA91BC3968E}.Ad-Hoc|x64.ActiveCfg = Release|x64
		{58B18219-B03B-4EB0-BB8B-7FA91BC3968E}.Ad-Hoc|x64.Build.0 = Release|x64
		{58B18219-B03B-4EB0-BB8B-7FA91BC3968E}.Ad-Hoc|x64.Deploy.0 = Release|x64
		{58B18219-B03B-4EB0-BB8B-7FA91BC3968E}.Ad-Hoc|x86.ActiveCfg = Release|x86
		{58B18219-B03B-4EB0-BB8B-7FA91BC3968E}.Ad-Hoc|x86.Build.0 = Release|x86
		{58B18219-B03B-4EB0-BB8B-7FA91BC3968E}.Ad-Hoc|x86.Deploy.0 = Release|x86
		{58B18219-B03B-4EB0-BB8B-7FA91BC3968E}.AppStore|Any CPU.ActiveCfg = Release|Any CPU
		{58B18219-B03B-4EB0-BB8B-7FA91BC3968E}.AppStore|Any CPU.Build.0 = Release|Any CPU
		{58B18219-B03B-4EB0-BB8B-7FA91BC3968E}.AppStore|Any CPU.Deploy.0 = Release|Any CPU
		{58B18219-B03B-4EB0-BB8B-7FA91BC3968E}.AppStore|ARM.ActiveCfg = Release|ARM
		{58B18219-B03B-4EB0-BB8B-7FA91BC3968E}.AppStore|ARM.Build.0 = Release|ARM
		{58B18219-B03B-4EB0-BB8B-7FA91BC3968E}.AppStore|ARM.Deploy.0 = Release|ARM
		{58B18219-B03B-4EB0-BB8B-7FA91BC3968E}.AppStore|iPhone.ActiveCfg = Release|Any CPU
		{58B18219-B03B-4EB0-BB8B-7FA91BC3968E}.AppStore|iPhone.Build.0 = Release|Any CPU
		{58B18219-B03B-4EB0-BB8B-7FA91BC3968E}.AppStore|iPhone.Deploy.0 = Release|Any CPU
		{58B18219-B03B-4EB0-BB8B-7FA91BC3968E}.AppStore|iPhoneSimulator.ActiveCfg = Release|Any CPU
		{58B18219-B03B-4EB0-BB8B-7FA91BC3968E}.AppStore|iPhoneSimulator.Build.0 = Release|Any CPU
		{58B18219-B03B-4EB0-BB8B-7FA91BC3968E}.AppStore|iPhoneSimulator.Deploy.0 = Release|Any CPU
		{58B18219-B03B-4EB0-BB8B-7FA91BC3968E}.AppStore|x64.ActiveCfg = Release|x64
		{58B18219-B03B-4EB0-BB8B-7FA91BC3968E}.AppStore|x64.Build.0 = Release|x64
		{58B18219-B03B-4EB0-BB8B-7FA91BC3968E}.AppStore|x64.Deploy.0 = Release|x64
		{58B18219-B03B-4EB0-BB8B-7FA91BC3968E}.AppStore|x86.ActiveCfg = Release|x86
		{58B18219-B03B-4EB0-BB8B-7FA91BC3968E}.AppStore|x86.Build.0 = Release|x86
		{58B18219-B03B-4EB0-BB8B-7FA91BC3968E}.AppStore|x86.Deploy.0 = Release|x86
		{58B18219-B03B-4EB0-BB8B-7FA91BC3968E}.Debug|Any CPU.ActiveCfg = Debug|Any CPU
		{58B18219-B03B-4EB0-BB8B-7FA91BC3968E}.Debug|Any CPU.Build.0 = Debug|Any CPU
		{58B18219-B03B-4EB0-BB8B-7FA91BC3968E}.Debug|Any CPU.Deploy.0 = Debug|Any CPU
		{58B18219-B03B-4EB0-BB8B-7FA91BC3968E}.Debug|ARM.ActiveCfg = Debug|ARM
		{58B18219-B03B-4EB0-BB8B-7FA91BC3968E}.Debug|ARM.Build.0 = Debug|ARM
		{58B18219-B03B-4EB0-BB8B-7FA91BC3968E}.Debug|ARM.Deploy.0 = Debug|ARM
		{58B18219-B03B-4EB0-BB8B-7FA91BC3968E}.Debug|iPhone.ActiveCfg = Debug|Any CPU
		{58B18219-B03B-4EB0-BB8B-7FA91BC3968E}.Debug|iPhone.Build.0 = Debug|Any CPU
		{58B18219-B03B-4EB0-BB8B-7FA91BC3968E}.Debug|iPhone.Deploy.0 = Debug|Any CPU
		{58B18219-B03B-4EB0-BB8B-7FA91BC3968E}.Debug|iPhoneSimulator.ActiveCfg = Debug|Any CPU
		{58B18219-B03B-4EB0-BB8B-7FA91BC3968E}.Debug|iPhoneSimulator.Build.0 = Debug|Any CPU
		{58B18219-B03B-4EB0-BB8B-7FA91BC3968E}.Debug|iPhoneSimulator.Deploy.0 = Debug|Any CPU
		{58B18219-B03B-4EB0-BB8B-7FA91BC3968E}.Debug|x64.ActiveCfg = Debug|x64
		{58B18219-B03B-4EB0-BB8B-7FA91BC3968E}.Debug|x64.Build.0 = Debug|x64
		{58B18219-B03B-4EB0-BB8B-7FA91BC3968E}.Debug|x64.Deploy.0 = Debug|x64
		{58B18219-B03B-4EB0-BB8B-7FA91BC3968E}.Debug|x86.ActiveCfg = Debug|x86
		{58B18219-B03B-4EB0-BB8B-7FA91BC3968E}.Debug|x86.Build.0 = Debug|x86
		{58B18219-B03B-4EB0-BB8B-7FA91BC3968E}.Debug|x86.Deploy.0 = Debug|x86
		{58B18219-B03B-4EB0-BB8B-7FA91BC3968E}.Release|Any CPU.ActiveCfg = Release|Any CPU
		{58B18219-B03B-4EB0-BB8B-7FA91BC3968E}.Release|Any CPU.Build.0 = Release|Any CPU
		{58B18219-B03B-4EB0-BB8B-7FA91BC3968E}.Release|Any CPU.Deploy.0 = Release|Any CPU
		{58B18219-B03B-4EB0-BB8B-7FA91BC3968E}.Release|ARM.ActiveCfg = Release|ARM
		{58B18219-B03B-4EB0-BB8B-7FA91BC3968E}.Release|ARM.Build.0 = Release|ARM
		{58B18219-B03B-4EB0-BB8B-7FA91BC3968E}.Release|ARM.Deploy.0 = Release|ARM
		{58B18219-B03B-4EB0-BB8B-7FA91BC3968E}.Release|iPhone.ActiveCfg = Release|Any CPU
		{58B18219-B03B-4EB0-BB8B-7FA91BC3968E}.Release|iPhone.Build.0 = Release|Any CPU
		{58B18219-B03B-4EB0-BB8B-7FA91BC3968E}.Release|iPhone.Deploy.0 = Release|Any CPU
		{58B18219-B03B-4EB0-BB8B-7FA91BC3968E}.Release|iPhoneSimulator.ActiveCfg = Release|Any CPU
		{58B18219-B03B-4EB0-BB8B-7FA91BC3968E}.Release|iPhoneSimulator.Build.0 = Release|Any CPU
		{58B18219-B03B-4EB0-BB8B-7FA91BC3968E}.Release|iPhoneSimulator.Deploy.0 = Release|Any CPU
		{58B18219-B03B-4EB0-BB8B-7FA91BC3968E}.Release|x64.ActiveCfg = Release|x64
		{58B18219-B03B-4EB0-BB8B-7FA91BC3968E}.Release|x64.Build.0 = Release|x64
		{58B18219-B03B-4EB0-BB8B-7FA91BC3968E}.Release|x64.Deploy.0 = Release|x64
		{58B18219-B03B-4EB0-BB8B-7FA91BC3968E}.Release|x86.ActiveCfg = Release|x86
		{58B18219-B03B-4EB0-BB8B-7FA91BC3968E}.Release|x86.Build.0 = Release|x86
		{58B18219-B03B-4EB0-BB8B-7FA91BC3968E}.Release|x86.Deploy.0 = Release|x86
		{4D7EDDD0-578C-4BB2-864D-119161B9867D}.Ad-Hoc|Any CPU.ActiveCfg = Release|Any CPU
		{4D7EDDD0-578C-4BB2-864D-119161B9867D}.Ad-Hoc|Any CPU.Build.0 = Release|Any CPU
		{4D7EDDD0-578C-4BB2-864D-119161B9867D}.Ad-Hoc|ARM.ActiveCfg = Release|Any CPU
		{4D7EDDD0-578C-4BB2-864D-119161B9867D}.Ad-Hoc|ARM.Build.0 = Release|Any CPU
		{4D7EDDD0-578C-4BB2-864D-119161B9867D}.Ad-Hoc|iPhone.ActiveCfg = Release|Any CPU
		{4D7EDDD0-578C-4BB2-864D-119161B9867D}.Ad-Hoc|iPhone.Build.0 = Release|Any CPU
		{4D7EDDD0-578C-4BB2-864D-119161B9867D}.Ad-Hoc|iPhoneSimulator.ActiveCfg = Release|Any CPU
		{4D7EDDD0-578C-4BB2-864D-119161B9867D}.Ad-Hoc|iPhoneSimulator.Build.0 = Release|Any CPU
		{4D7EDDD0-578C-4BB2-864D-119161B9867D}.Ad-Hoc|x64.ActiveCfg = Release|Any CPU
		{4D7EDDD0-578C-4BB2-864D-119161B9867D}.Ad-Hoc|x64.Build.0 = Release|Any CPU
		{4D7EDDD0-578C-4BB2-864D-119161B9867D}.Ad-Hoc|x86.ActiveCfg = Release|Any CPU
		{4D7EDDD0-578C-4BB2-864D-119161B9867D}.Ad-Hoc|x86.Build.0 = Release|Any CPU
		{4D7EDDD0-578C-4BB2-864D-119161B9867D}.AppStore|Any CPU.ActiveCfg = Release|Any CPU
		{4D7EDDD0-578C-4BB2-864D-119161B9867D}.AppStore|Any CPU.Build.0 = Release|Any CPU
		{4D7EDDD0-578C-4BB2-864D-119161B9867D}.AppStore|ARM.ActiveCfg = Release|Any CPU
		{4D7EDDD0-578C-4BB2-864D-119161B9867D}.AppStore|ARM.Build.0 = Release|Any CPU
		{4D7EDDD0-578C-4BB2-864D-119161B9867D}.AppStore|iPhone.ActiveCfg = Release|Any CPU
		{4D7EDDD0-578C-4BB2-864D-119161B9867D}.AppStore|iPhone.Build.0 = Release|Any CPU
		{4D7EDDD0-578C-4BB2-864D-119161B9867D}.AppStore|iPhoneSimulator.ActiveCfg = Release|Any CPU
		{4D7EDDD0-578C-4BB2-864D-119161B9867D}.AppStore|iPhoneSimulator.Build.0 = Release|Any CPU
		{4D7EDDD0-578C-4BB2-864D-119161B9867D}.AppStore|x64.ActiveCfg = Release|Any CPU
		{4D7EDDD0-578C-4BB2-864D-119161B9867D}.AppStore|x64.Build.0 = Release|Any CPU
		{4D7EDDD0-578C-4BB2-864D-119161B9867D}.AppStore|x86.ActiveCfg = Release|Any CPU
		{4D7EDDD0-578C-4BB2-864D-119161B9867D}.AppStore|x86.Build.0 = Release|Any CPU
		{4D7EDDD0-578C-4BB2-864D-119161B9867D}.Debug|Any CPU.ActiveCfg = Debug|Any CPU
		{4D7EDDD0-578C-4BB2-864D-119161B9867D}.Debug|Any CPU.Build.0 = Debug|Any CPU
		{4D7EDDD0-578C-4BB2-864D-119161B9867D}.Debug|ARM.ActiveCfg = Debug|Any CPU
		{4D7EDDD0-578C-4BB2-864D-119161B9867D}.Debug|ARM.Build.0 = Debug|Any CPU
		{4D7EDDD0-578C-4BB2-864D-119161B9867D}.Debug|iPhone.ActiveCfg = Debug|Any CPU
		{4D7EDDD0-578C-4BB2-864D-119161B9867D}.Debug|iPhone.Build.0 = Debug|Any CPU
		{4D7EDDD0-578C-4BB2-864D-119161B9867D}.Debug|iPhoneSimulator.ActiveCfg = Debug|Any CPU
		{4D7EDDD0-578C-4BB2-864D-119161B9867D}.Debug|iPhoneSimulator.Build.0 = Debug|Any CPU
		{4D7EDDD0-578C-4BB2-864D-119161B9867D}.Debug|x64.ActiveCfg = Debug|Any CPU
		{4D7EDDD0-578C-4BB2-864D-119161B9867D}.Debug|x64.Build.0 = Debug|Any CPU
		{4D7EDDD0-578C-4BB2-864D-119161B9867D}.Debug|x86.ActiveCfg = Debug|Any CPU
		{4D7EDDD0-578C-4BB2-864D-119161B9867D}.Debug|x86.Build.0 = Debug|Any CPU
		{4D7EDDD0-578C-4BB2-864D-119161B9867D}.Release|Any CPU.ActiveCfg = Release|Any CPU
		{4D7EDDD0-578C-4BB2-864D-119161B9867D}.Release|Any CPU.Build.0 = Release|Any CPU
		{4D7EDDD0-578C-4BB2-864D-119161B9867D}.Release|ARM.ActiveCfg = Release|Any CPU
		{4D7EDDD0-578C-4BB2-864D-119161B9867D}.Release|ARM.Build.0 = Release|Any CPU
		{4D7EDDD0-578C-4BB2-864D-119161B9867D}.Release|iPhone.ActiveCfg = Release|Any CPU
		{4D7EDDD0-578C-4BB2-864D-119161B9867D}.Release|iPhone.Build.0 = Release|Any CPU
		{4D7EDDD0-578C-4BB2-864D-119161B9867D}.Release|iPhoneSimulator.ActiveCfg = Release|Any CPU
		{4D7EDDD0-578C-4BB2-864D-119161B9867D}.Release|iPhoneSimulator.Build.0 = Release|Any CPU
		{4D7EDDD0-578C-4BB2-864D-119161B9867D}.Release|x64.ActiveCfg = Release|Any CPU
		{4D7EDDD0-578C-4BB2-864D-119161B9867D}.Release|x64.Build.0 = Release|Any CPU
		{4D7EDDD0-578C-4BB2-864D-119161B9867D}.Release|x86.ActiveCfg = Release|Any CPU
		{4D7EDDD0-578C-4BB2-864D-119161B9867D}.Release|x86.Build.0 = Release|Any CPU
		{C80CA568-D346-4CFF-82B5-6BA4DC481AAD}.Ad-Hoc|Any CPU.ActiveCfg = Release|Any CPU
		{C80CA568-D346-4CFF-82B5-6BA4DC481AAD}.Ad-Hoc|Any CPU.Build.0 = Release|Any CPU
		{C80CA568-D346-4CFF-82B5-6BA4DC481AAD}.Ad-Hoc|ARM.ActiveCfg = Release|Any CPU
		{C80CA568-D346-4CFF-82B5-6BA4DC481AAD}.Ad-Hoc|ARM.Build.0 = Release|Any CPU
		{C80CA568-D346-4CFF-82B5-6BA4DC481AAD}.Ad-Hoc|iPhone.ActiveCfg = Release|Any CPU
		{C80CA568-D346-4CFF-82B5-6BA4DC481AAD}.Ad-Hoc|iPhone.Build.0 = Release|Any CPU
		{C80CA568-D346-4CFF-82B5-6BA4DC481AAD}.Ad-Hoc|iPhoneSimulator.ActiveCfg = Release|Any CPU
		{C80CA568-D346-4CFF-82B5-6BA4DC481AAD}.Ad-Hoc|iPhoneSimulator.Build.0 = Release|Any CPU
		{C80CA568-D346-4CFF-82B5-6BA4DC481AAD}.Ad-Hoc|x64.ActiveCfg = Release|Any CPU
		{C80CA568-D346-4CFF-82B5-6BA4DC481AAD}.Ad-Hoc|x64.Build.0 = Release|Any CPU
		{C80CA568-D346-4CFF-82B5-6BA4DC481AAD}.Ad-Hoc|x86.ActiveCfg = Release|Any CPU
		{C80CA568-D346-4CFF-82B5-6BA4DC481AAD}.Ad-Hoc|x86.Build.0 = Release|Any CPU
		{C80CA568-D346-4CFF-82B5-6BA4DC481AAD}.AppStore|Any CPU.ActiveCfg = Release|Any CPU
		{C80CA568-D346-4CFF-82B5-6BA4DC481AAD}.AppStore|Any CPU.Build.0 = Release|Any CPU
		{C80CA568-D346-4CFF-82B5-6BA4DC481AAD}.AppStore|ARM.ActiveCfg = Release|Any CPU
		{C80CA568-D346-4CFF-82B5-6BA4DC481AAD}.AppStore|ARM.Build.0 = Release|Any CPU
		{C80CA568-D346-4CFF-82B5-6BA4DC481AAD}.AppStore|iPhone.ActiveCfg = Release|Any CPU
		{C80CA568-D346-4CFF-82B5-6BA4DC481AAD}.AppStore|iPhone.Build.0 = Release|Any CPU
		{C80CA568-D346-4CFF-82B5-6BA4DC481AAD}.AppStore|iPhoneSimulator.ActiveCfg = Release|Any CPU
		{C80CA568-D346-4CFF-82B5-6BA4DC481AAD}.AppStore|iPhoneSimulator.Build.0 = Release|Any CPU
		{C80CA568-D346-4CFF-82B5-6BA4DC481AAD}.AppStore|x64.ActiveCfg = Release|Any CPU
		{C80CA568-D346-4CFF-82B5-6BA4DC481AAD}.AppStore|x64.Build.0 = Release|Any CPU
		{C80CA568-D346-4CFF-82B5-6BA4DC481AAD}.AppStore|x86.ActiveCfg = Release|Any CPU
		{C80CA568-D346-4CFF-82B5-6BA4DC481AAD}.AppStore|x86.Build.0 = Release|Any CPU
		{C80CA568-D346-4CFF-82B5-6BA4DC481AAD}.Debug|Any CPU.ActiveCfg = Debug|Any CPU
		{C80CA568-D346-4CFF-82B5-6BA4DC481AAD}.Debug|Any CPU.Build.0 = Debug|Any CPU
		{C80CA568-D346-4CFF-82B5-6BA4DC481AAD}.Debug|ARM.ActiveCfg = Debug|Any CPU
		{C80CA568-D346-4CFF-82B5-6BA4DC481AAD}.Debug|ARM.Build.0 = Debug|Any CPU
		{C80CA568-D346-4CFF-82B5-6BA4DC481AAD}.Debug|iPhone.ActiveCfg = Debug|Any CPU
		{C80CA568-D346-4CFF-82B5-6BA4DC481AAD}.Debug|iPhone.Build.0 = Debug|Any CPU
		{C80CA568-D346-4CFF-82B5-6BA4DC481AAD}.Debug|iPhoneSimulator.ActiveCfg = Debug|Any CPU
		{C80CA568-D346-4CFF-82B5-6BA4DC481AAD}.Debug|iPhoneSimulator.Build.0 = Debug|Any CPU
		{C80CA568-D346-4CFF-82B5-6BA4DC481AAD}.Debug|x64.ActiveCfg = Debug|Any CPU
		{C80CA568-D346-4CFF-82B5-6BA4DC481AAD}.Debug|x64.Build.0 = Debug|Any CPU
		{C80CA568-D346-4CFF-82B5-6BA4DC481AAD}.Debug|x86.ActiveCfg = Debug|Any CPU
		{C80CA568-D346-4CFF-82B5-6BA4DC481AAD}.Debug|x86.Build.0 = Debug|Any CPU
		{C80CA568-D346-4CFF-82B5-6BA4DC481AAD}.Release|Any CPU.ActiveCfg = Release|Any CPU
		{C80CA568-D346-4CFF-82B5-6BA4DC481AAD}.Release|Any CPU.Build.0 = Release|Any CPU
		{C80CA568-D346-4CFF-82B5-6BA4DC481AAD}.Release|ARM.ActiveCfg = Release|Any CPU
		{C80CA568-D346-4CFF-82B5-6BA4DC481AAD}.Release|ARM.Build.0 = Release|Any CPU
		{C80CA568-D346-4CFF-82B5-6BA4DC481AAD}.Release|iPhone.ActiveCfg = Release|Any CPU
		{C80CA568-D346-4CFF-82B5-6BA4DC481AAD}.Release|iPhone.Build.0 = Release|Any CPU
		{C80CA568-D346-4CFF-82B5-6BA4DC481AAD}.Release|iPhoneSimulator.ActiveCfg = Release|Any CPU
		{C80CA568-D346-4CFF-82B5-6BA4DC481AAD}.Release|iPhoneSimulator.Build.0 = Release|Any CPU
		{C80CA568-D346-4CFF-82B5-6BA4DC481AAD}.Release|x64.ActiveCfg = Release|Any CPU
		{C80CA568-D346-4CFF-82B5-6BA4DC481AAD}.Release|x64.Build.0 = Release|Any CPU
		{C80CA568-D346-4CFF-82B5-6BA4DC481AAD}.Release|x86.ActiveCfg = Release|Any CPU
		{C80CA568-D346-4CFF-82B5-6BA4DC481AAD}.Release|x86.Build.0 = Release|Any CPU
		{0E33B6E6-0F75-4823-B1DC-120A20FF21CB}.Ad-Hoc|Any CPU.ActiveCfg = Release|Any CPU
		{0E33B6E6-0F75-4823-B1DC-120A20FF21CB}.Ad-Hoc|Any CPU.Build.0 = Release|Any CPU
		{0E33B6E6-0F75-4823-B1DC-120A20FF21CB}.Ad-Hoc|ARM.ActiveCfg = Release|Any CPU
		{0E33B6E6-0F75-4823-B1DC-120A20FF21CB}.Ad-Hoc|ARM.Build.0 = Release|Any CPU
		{0E33B6E6-0F75-4823-B1DC-120A20FF21CB}.Ad-Hoc|iPhone.ActiveCfg = Release|Any CPU
		{0E33B6E6-0F75-4823-B1DC-120A20FF21CB}.Ad-Hoc|iPhone.Build.0 = Release|Any CPU
		{0E33B6E6-0F75-4823-B1DC-120A20FF21CB}.Ad-Hoc|iPhoneSimulator.ActiveCfg = Release|Any CPU
		{0E33B6E6-0F75-4823-B1DC-120A20FF21CB}.Ad-Hoc|iPhoneSimulator.Build.0 = Release|Any CPU
		{0E33B6E6-0F75-4823-B1DC-120A20FF21CB}.Ad-Hoc|x64.ActiveCfg = Release|Any CPU
		{0E33B6E6-0F75-4823-B1DC-120A20FF21CB}.Ad-Hoc|x64.Build.0 = Release|Any CPU
		{0E33B6E6-0F75-4823-B1DC-120A20FF21CB}.Ad-Hoc|x86.ActiveCfg = Release|Any CPU
		{0E33B6E6-0F75-4823-B1DC-120A20FF21CB}.Ad-Hoc|x86.Build.0 = Release|Any CPU
		{0E33B6E6-0F75-4823-B1DC-120A20FF21CB}.AppStore|Any CPU.ActiveCfg = Release|Any CPU
		{0E33B6E6-0F75-4823-B1DC-120A20FF21CB}.AppStore|Any CPU.Build.0 = Release|Any CPU
		{0E33B6E6-0F75-4823-B1DC-120A20FF21CB}.AppStore|ARM.ActiveCfg = Release|Any CPU
		{0E33B6E6-0F75-4823-B1DC-120A20FF21CB}.AppStore|ARM.Build.0 = Release|Any CPU
		{0E33B6E6-0F75-4823-B1DC-120A20FF21CB}.AppStore|iPhone.ActiveCfg = Release|Any CPU
		{0E33B6E6-0F75-4823-B1DC-120A20FF21CB}.AppStore|iPhone.Build.0 = Release|Any CPU
		{0E33B6E6-0F75-4823-B1DC-120A20FF21CB}.AppStore|iPhoneSimulator.ActiveCfg = Release|Any CPU
		{0E33B6E6-0F75-4823-B1DC-120A20FF21CB}.AppStore|iPhoneSimulator.Build.0 = Release|Any CPU
		{0E33B6E6-0F75-4823-B1DC-120A20FF21CB}.AppStore|x64.ActiveCfg = Release|Any CPU
		{0E33B6E6-0F75-4823-B1DC-120A20FF21CB}.AppStore|x64.Build.0 = Release|Any CPU
		{0E33B6E6-0F75-4823-B1DC-120A20FF21CB}.AppStore|x86.ActiveCfg = Release|Any CPU
		{0E33B6E6-0F75-4823-B1DC-120A20FF21CB}.AppStore|x86.Build.0 = Release|Any CPU
		{0E33B6E6-0F75-4823-B1DC-120A20FF21CB}.Debug|Any CPU.ActiveCfg = Debug|Any CPU
		{0E33B6E6-0F75-4823-B1DC-120A20FF21CB}.Debug|Any CPU.Build.0 = Debug|Any CPU
		{0E33B6E6-0F75-4823-B1DC-120A20FF21CB}.Debug|ARM.ActiveCfg = Debug|Any CPU
		{0E33B6E6-0F75-4823-B1DC-120A20FF21CB}.Debug|ARM.Build.0 = Debug|Any CPU
		{0E33B6E6-0F75-4823-B1DC-120A20FF21CB}.Debug|iPhone.ActiveCfg = Debug|Any CPU
		{0E33B6E6-0F75-4823-B1DC-120A20FF21CB}.Debug|iPhone.Build.0 = Debug|Any CPU
		{0E33B6E6-0F75-4823-B1DC-120A20FF21CB}.Debug|iPhoneSimulator.ActiveCfg = Debug|Any CPU
		{0E33B6E6-0F75-4823-B1DC-120A20FF21CB}.Debug|iPhoneSimulator.Build.0 = Debug|Any CPU
		{0E33B6E6-0F75-4823-B1DC-120A20FF21CB}.Debug|x64.ActiveCfg = Debug|Any CPU
		{0E33B6E6-0F75-4823-B1DC-120A20FF21CB}.Debug|x64.Build.0 = Debug|Any CPU
		{0E33B6E6-0F75-4823-B1DC-120A20FF21CB}.Debug|x86.ActiveCfg = Debug|Any CPU
		{0E33B6E6-0F75-4823-B1DC-120A20FF21CB}.Debug|x86.Build.0 = Debug|Any CPU
		{0E33B6E6-0F75-4823-B1DC-120A20FF21CB}.Release|Any CPU.ActiveCfg = Release|Any CPU
		{0E33B6E6-0F75-4823-B1DC-120A20FF21CB}.Release|Any CPU.Build.0 = Release|Any CPU
		{0E33B6E6-0F75-4823-B1DC-120A20FF21CB}.Release|ARM.ActiveCfg = Release|Any CPU
		{0E33B6E6-0F75-4823-B1DC-120A20FF21CB}.Release|ARM.Build.0 = Release|Any CPU
		{0E33B6E6-0F75-4823-B1DC-120A20FF21CB}.Release|iPhone.ActiveCfg = Release|Any CPU
		{0E33B6E6-0F75-4823-B1DC-120A20FF21CB}.Release|iPhone.Build.0 = Release|Any CPU
		{0E33B6E6-0F75-4823-B1DC-120A20FF21CB}.Release|iPhoneSimulator.ActiveCfg = Release|Any CPU
		{0E33B6E6-0F75-4823-B1DC-120A20FF21CB}.Release|iPhoneSimulator.Build.0 = Release|Any CPU
		{0E33B6E6-0F75-4823-B1DC-120A20FF21CB}.Release|x64.ActiveCfg = Release|Any CPU
		{0E33B6E6-0F75-4823-B1DC-120A20FF21CB}.Release|x64.Build.0 = Release|Any CPU
		{0E33B6E6-0F75-4823-B1DC-120A20FF21CB}.Release|x86.ActiveCfg = Release|Any CPU
		{0E33B6E6-0F75-4823-B1DC-120A20FF21CB}.Release|x86.Build.0 = Release|Any CPU
	EndGlobalSection
	GlobalSection(SolutionProperties) = preSolution
		HideSolutionNode = FALSE
	EndGlobalSection
EndGlobal
