
Microsoft Visual Studio Solution File, Format Version 12.00
# Visual Studio 14
VisualStudioVersion = 14.0.25420.1
MinimumVisualStudioVersion = 10.0.40219.1
Project("{FAE04EC0-301F-11D3-BF4B-00C04F79EFBC}") = "Planner", "Planner\Planner\Planner.csproj", "{90EC620E-032B-4B82-9902-6D068E3A6059}"
EndProject
Project("{FAE04EC0-301F-11D3-BF4B-00C04F79EFBC}") = "Planner.Droid", "Planner\Planner.Droid\Planner.Droid.csproj", "{6B17D548-02FA-4E91-AD98-717CCB333A64}"
EndProject
Project("{FAE04EC0-301F-11D3-BF4B-00C04F79EFBC}") = "Planner.iOS", "Planner\Planner.iOS\Planner.iOS.csproj", "{1784BC80-33EC-4D05-80BC-B23F450B179B}"
EndProject
Global
	GlobalSection(SolutionConfigurationPlatforms) = preSolution
		Ad-Hoc|Any CPU = Ad-Hoc|Any CPU
		Ad-Hoc|ARM = Ad-Hoc|ARM
		Ad-Hoc|iPhone = Ad-Hoc|iPhone
		Ad-Hoc|iPhoneSimulator = Ad-Hoc|iPhoneSimulator
		Ad-Hoc|x64 = Ad-Hoc|x64
		Ad-Hoc|x86 = Ad-Hoc|x86
		AppStore|Any CPU = AppStore|Any CPU
		AppStore|ARM = AppStore|ARM
		AppStore|iPhone = AppStore|iPhone
		AppStore|iPhoneSimulator = AppStore|iPhoneSimulator
		AppStore|x64 = AppStore|x64
		AppStore|x86 = AppStore|x86
		Debug|Any CPU = Debug|Any CPU
		Debug|ARM = Debug|ARM
		Debug|iPhone = Debug|iPhone
		Debug|iPhoneSimulator = Debug|iPhoneSimulator
		Debug|x64 = Debug|x64
		Debug|x86 = Debug|x86
		Release|Any CPU = Release|Any CPU
		Release|ARM = Release|ARM
		Release|iPhone = Release|iPhone
		Release|iPhoneSimulator = Release|iPhoneSimulator
		Release|x64 = Release|x64
		Release|x86 = Release|x86
	EndGlobalSection
	GlobalSection(ProjectConfigurationPlatforms) = postSolution
		{90EC620E-032B-4B82-9902-6D068E3A6059}.Ad-Hoc|Any CPU.ActiveCfg = Release|Any CPU
		{90EC620E-032B-4B82-9902-6D068E3A6059}.Ad-Hoc|Any CPU.Build.0 = Release|Any CPU
		{90EC620E-032B-4B82-9902-6D068E3A6059}.Ad-Hoc|ARM.ActiveCfg = Release|Any CPU
		{90EC620E-032B-4B82-9902-6D068E3A6059}.Ad-Hoc|ARM.Build.0 = Release|Any CPU
		{90EC620E-032B-4B82-9902-6D068E3A6059}.Ad-Hoc|iPhone.ActiveCfg = Release|Any CPU
		{90EC620E-032B-4B82-9902-6D068E3A6059}.Ad-Hoc|iPhone.Build.0 = Release|Any CPU
		{90EC620E-032B-4B82-9902-6D068E3A6059}.Ad-Hoc|iPhoneSimulator.ActiveCfg = Release|Any CPU
		{90EC620E-032B-4B82-9902-6D068E3A6059}.Ad-Hoc|iPhoneSimulator.Build.0 = Release|Any CPU
		{90EC620E-032B-4B82-9902-6D068E3A6059}.Ad-Hoc|x64.ActiveCfg = Release|Any CPU
		{90EC620E-032B-4B82-9902-6D068E3A6059}.Ad-Hoc|x64.Build.0 = Release|Any CPU
		{90EC620E-032B-4B82-9902-6D068E3A6059}.Ad-Hoc|x86.ActiveCfg = Release|Any CPU
		{90EC620E-032B-4B82-9902-6D068E3A6059}.Ad-Hoc|x86.Build.0 = Release|Any CPU
		{90EC620E-032B-4B82-9902-6D068E3A6059}.AppStore|Any CPU.ActiveCfg = Release|Any CPU
		{90EC620E-032B-4B82-9902-6D068E3A6059}.AppStore|Any CPU.Build.0 = Release|Any CPU
		{90EC620E-032B-4B82-9902-6D068E3A6059}.AppStore|ARM.ActiveCfg = Release|Any CPU
		{90EC620E-032B-4B82-9902-6D068E3A6059}.AppStore|ARM.Build.0 = Release|Any CPU
		{90EC620E-032B-4B82-9902-6D068E3A6059}.AppStore|iPhone.ActiveCfg = Release|Any CPU
		{90EC620E-032B-4B82-9902-6D068E3A6059}.AppStore|iPhone.Build.0 = Release|Any CPU
		{90EC620E-032B-4B82-9902-6D068E3A6059}.AppStore|iPhoneSimulator.ActiveCfg = Release|Any CPU
		{90EC620E-032B-4B82-9902-6D068E3A6059}.AppStore|iPhoneSimulator.Build.0 = Release|Any CPU
		{90EC620E-032B-4B82-9902-6D068E3A6059}.AppStore|x64.ActiveCfg = Release|Any CPU
		{90EC620E-032B-4B82-9902-6D068E3A6059}.AppStore|x64.Build.0 = Release|Any CPU
		{90EC620E-032B-4B82-9902-6D068E3A6059}.AppStore|x86.ActiveCfg = Release|Any CPU
		{90EC620E-032B-4B82-9902-6D068E3A6059}.AppStore|x86.Build.0 = Release|Any CPU
		{90EC620E-032B-4B82-9902-6D068E3A6059}.Debug|Any CPU.ActiveCfg = Debug|Any CPU
		{90EC620E-032B-4B82-9902-6D068E3A6059}.Debug|Any CPU.Build.0 = Debug|Any CPU
		{90EC620E-032B-4B82-9902-6D068E3A6059}.Debug|ARM.ActiveCfg = Debug|Any CPU
		{90EC620E-032B-4B82-9902-6D068E3A6059}.Debug|ARM.Build.0 = Debug|Any CPU
		{90EC620E-032B-4B82-9902-6D068E3A6059}.Debug|iPhone.ActiveCfg = Debug|Any CPU
		{90EC620E-032B-4B82-9902-6D068E3A6059}.Debug|iPhone.Build.0 = Debug|Any CPU
		{90EC620E-032B-4B82-9902-6D068E3A6059}.Debug|iPhoneSimulator.ActiveCfg = Debug|Any CPU
		{90EC620E-032B-4B82-9902-6D068E3A6059}.Debug|iPhoneSimulator.Build.0 = Debug|Any CPU
		{90EC620E-032B-4B82-9902-6D068E3A6059}.Debug|x64.ActiveCfg = Debug|Any CPU
		{90EC620E-032B-4B82-9902-6D068E3A6059}.Debug|x64.Build.0 = Debug|Any CPU
		{90EC620E-032B-4B82-9902-6D068E3A6059}.Debug|x86.ActiveCfg = Debug|Any CPU
		{90EC620E-032B-4B82-9902-6D068E3A6059}.Debug|x86.Build.0 = Debug|Any CPU
		{90EC620E-032B-4B82-9902-6D068E3A6059}.Release|Any CPU.ActiveCfg = Release|Any CPU
		{90EC620E-032B-4B82-9902-6D068E3A6059}.Release|Any CPU.Build.0 = Release|Any CPU
		{90EC620E-032B-4B82-9902-6D068E3A6059}.Release|ARM.ActiveCfg = Release|Any CPU
		{90EC620E-032B-4B82-9902-6D068E3A6059}.Release|ARM.Build.0 = Release|Any CPU
		{90EC620E-032B-4B82-9902-6D068E3A6059}.Release|iPhone.ActiveCfg = Release|Any CPU
		{90EC620E-032B-4B82-9902-6D068E3A6059}.Release|iPhone.Build.0 = Release|Any CPU
		{90EC620E-032B-4B82-9902-6D068E3A6059}.Release|iPhoneSimulator.ActiveCfg = Release|Any CPU
		{90EC620E-032B-4B82-9902-6D068E3A6059}.Release|iPhoneSimulator.Build.0 = Release|Any CPU
		{90EC620E-032B-4B82-9902-6D068E3A6059}.Release|x64.ActiveCfg = Release|Any CPU
		{90EC620E-032B-4B82-9902-6D068E3A6059}.Release|x64.Build.0 = Release|Any CPU
		{90EC620E-032B-4B82-9902-6D068E3A6059}.Release|x86.ActiveCfg = Release|Any CPU
		{90EC620E-032B-4B82-9902-6D068E3A6059}.Release|x86.Build.0 = Release|Any CPU
		{6B17D548-02FA-4E91-AD98-717CCB333A64}.Ad-Hoc|Any CPU.ActiveCfg = Release|Any CPU
		{6B17D548-02FA-4E91-AD98-717CCB333A64}.Ad-Hoc|Any CPU.Build.0 = Release|Any CPU
		{6B17D548-02FA-4E91-AD98-717CCB333A64}.Ad-Hoc|Any CPU.Deploy.0 = Release|Any CPU
		{6B17D548-02FA-4E91-AD98-717CCB333A64}.Ad-Hoc|ARM.ActiveCfg = Release|Any CPU
		{6B17D548-02FA-4E91-AD98-717CCB333A64}.Ad-Hoc|ARM.Build.0 = Release|Any CPU
		{6B17D548-02FA-4E91-AD98-717CCB333A64}.Ad-Hoc|ARM.Deploy.0 = Release|Any CPU
		{6B17D548-02FA-4E91-AD98-717CCB333A64}.Ad-Hoc|iPhone.ActiveCfg = Release|Any CPU
		{6B17D548-02FA-4E91-AD98-717CCB333A64}.Ad-Hoc|iPhone.Build.0 = Release|Any CPU
		{6B17D548-02FA-4E91-AD98-717CCB333A64}.Ad-Hoc|iPhone.Deploy.0 = Release|Any CPU
		{6B17D548-02FA-4E91-AD98-717CCB333A64}.Ad-Hoc|iPhoneSimulator.ActiveCfg = Release|Any CPU
		{6B17D548-02FA-4E91-AD98-717CCB333A64}.Ad-Hoc|iPhoneSimulator.Build.0 = Release|Any CPU
		{6B17D548-02FA-4E91-AD98-717CCB333A64}.Ad-Hoc|iPhoneSimulator.Deploy.0 = Release|Any CPU
		{6B17D548-02FA-4E91-AD98-717CCB333A64}.Ad-Hoc|x64.ActiveCfg = Release|Any CPU
		{6B17D548-02FA-4E91-AD98-717CCB333A64}.Ad-Hoc|x64.Build.0 = Release|Any CPU
		{6B17D548-02FA-4E91-AD98-717CCB333A64}.Ad-Hoc|x64.Deploy.0 = Release|Any CPU
		{6B17D548-02FA-4E91-AD98-717CCB333A64}.Ad-Hoc|x86.ActiveCfg = Release|Any CPU
		{6B17D548-02FA-4E91-AD98-717CCB333A64}.Ad-Hoc|x86.Build.0 = Release|Any CPU
		{6B17D548-02FA-4E91-AD98-717CCB333A64}.Ad-Hoc|x86.Deploy.0 = Release|Any CPU
		{6B17D548-02FA-4E91-AD98-717CCB333A64}.AppStore|Any CPU.ActiveCfg = Release|Any CPU
		{6B17D548-02FA-4E91-AD98-717CCB333A64}.AppStore|Any CPU.Build.0 = Release|Any CPU
		{6B17D548-02FA-4E91-AD98-717CCB333A64}.AppStore|Any CPU.Deploy.0 = Release|Any CPU
		{6B17D548-02FA-4E91-AD98-717CCB333A64}.AppStore|ARM.ActiveCfg = Release|Any CPU
		{6B17D548-02FA-4E91-AD98-717CCB333A64}.AppStore|ARM.Build.0 = Release|Any CPU
		{6B17D548-02FA-4E91-AD98-717CCB333A64}.AppStore|ARM.Deploy.0 = Release|Any CPU
		{6B17D548-02FA-4E91-AD98-717CCB333A64}.AppStore|iPhone.ActiveCfg = Release|Any CPU
		{6B17D548-02FA-4E91-AD98-717CCB333A64}.AppStore|iPhone.Build.0 = Release|Any CPU
		{6B17D548-02FA-4E91-AD98-717CCB333A64}.AppStore|iPhone.Deploy.0 = Release|Any CPU
		{6B17D548-02FA-4E91-AD98-717CCB333A64}.AppStore|iPhoneSimulator.ActiveCfg = Release|Any CPU
		{6B17D548-02FA-4E91-AD98-717CCB333A64}.AppStore|iPhoneSimulator.Build.0 = Release|Any CPU
		{6B17D548-02FA-4E91-AD98-717CCB333A64}.AppStore|iPhoneSimulator.Deploy.0 = Release|Any CPU
		{6B17D548-02FA-4E91-AD98-717CCB333A64}.AppStore|x64.ActiveCfg = Release|Any CPU
		{6B17D548-02FA-4E91-AD98-717CCB333A64}.AppStore|x64.Build.0 = Release|Any CPU
		{6B17D548-02FA-4E91-AD98-717CCB333A64}.AppStore|x64.Deploy.0 = Release|Any CPU
		{6B17D548-02FA-4E91-AD98-717CCB333A64}.AppStore|x86.ActiveCfg = Release|Any CPU
		{6B17D548-02FA-4E91-AD98-717CCB333A64}.AppStore|x86.Build.0 = Release|Any CPU
		{6B17D548-02FA-4E91-AD98-717CCB333A64}.AppStore|x86.Deploy.0 = Release|Any CPU
		{6B17D548-02FA-4E91-AD98-717CCB333A64}.Debug|Any CPU.ActiveCfg = Debug|Any CPU
		{6B17D548-02FA-4E91-AD98-717CCB333A64}.Debug|Any CPU.Build.0 = Debug|Any CPU
		{6B17D548-02FA-4E91-AD98-717CCB333A64}.Debug|Any CPU.Deploy.0 = Debug|Any CPU
		{6B17D548-02FA-4E91-AD98-717CCB333A64}.Debug|ARM.ActiveCfg = Debug|Any CPU
		{6B17D548-02FA-4E91-AD98-717CCB333A64}.Debug|ARM.Build.0 = Debug|Any CPU
		{6B17D548-02FA-4E91-AD98-717CCB333A64}.Debug|ARM.Deploy.0 = Debug|Any CPU
		{6B17D548-02FA-4E91-AD98-717CCB333A64}.Debug|iPhone.ActiveCfg = Debug|Any CPU
		{6B17D548-02FA-4E91-AD98-717CCB333A64}.Debug|iPhone.Build.0 = Debug|Any CPU
		{6B17D548-02FA-4E91-AD98-717CCB333A64}.Debug|iPhone.Deploy.0 = Debug|Any CPU
		{6B17D548-02FA-4E91-AD98-717CCB333A64}.Debug|iPhoneSimulator.ActiveCfg = Debug|Any CPU
		{6B17D548-02FA-4E91-AD98-717CCB333A64}.Debug|iPhoneSimulator.Build.0 = Debug|Any CPU
		{6B17D548-02FA-4E91-AD98-717CCB333A64}.Debug|iPhoneSimulator.Deploy.0 = Debug|Any CPU
		{6B17D548-02FA-4E91-AD98-717CCB333A64}.Debug|x64.ActiveCfg = Debug|Any CPU
		{6B17D548-02FA-4E91-AD98-717CCB333A64}.Debug|x64.Build.0 = Debug|Any CPU
		{6B17D548-02FA-4E91-AD98-717CCB333A64}.Debug|x64.Deploy.0 = Debug|Any CPU
		{6B17D548-02FA-4E91-AD98-717CCB333A64}.Debug|x86.ActiveCfg = Debug|Any CPU
		{6B17D548-02FA-4E91-AD98-717CCB333A64}.Debug|x86.Build.0 = Debug|Any CPU
		{6B17D548-02FA-4E91-AD98-717CCB333A64}.Debug|x86.Deploy.0 = Debug|Any CPU
		{6B17D548-02FA-4E91-AD98-717CCB333A64}.Release|Any CPU.ActiveCfg = Release|Any CPU
		{6B17D548-02FA-4E91-AD98-717CCB333A64}.Release|Any CPU.Build.0 = Release|Any CPU
		{6B17D548-02FA-4E91-AD98-717CCB333A64}.Release|Any CPU.Deploy.0 = Release|Any CPU
		{6B17D548-02FA-4E91-AD98-717CCB333A64}.Release|ARM.ActiveCfg = Release|Any CPU
		{6B17D548-02FA-4E91-AD98-717CCB333A64}.Release|ARM.Build.0 = Release|Any CPU
		{6B17D548-02FA-4E91-AD98-717CCB333A64}.Release|ARM.Deploy.0 = Release|Any CPU
		{6B17D548-02FA-4E91-AD98-717CCB333A64}.Release|iPhone.ActiveCfg = Release|Any CPU
		{6B17D548-02FA-4E91-AD98-717CCB333A64}.Release|iPhone.Build.0 = Release|Any CPU
		{6B17D548-02FA-4E91-AD98-717CCB333A64}.Release|iPhone.Deploy.0 = Release|Any CPU
		{6B17D548-02FA-4E91-AD98-717CCB333A64}.Release|iPhoneSimulator.ActiveCfg = Release|Any CPU
		{6B17D548-02FA-4E91-AD98-717CCB333A64}.Release|iPhoneSimulator.Build.0 = Release|Any CPU
		{6B17D548-02FA-4E91-AD98-717CCB333A64}.Release|iPhoneSimulator.Deploy.0 = Release|Any CPU
		{6B17D548-02FA-4E91-AD98-717CCB333A64}.Release|x64.ActiveCfg = Release|Any CPU
		{6B17D548-02FA-4E91-AD98-717CCB333A64}.Release|x64.Build.0 = Release|Any CPU
		{6B17D548-02FA-4E91-AD98-717CCB333A64}.Release|x64.Deploy.0 = Release|Any CPU
		{6B17D548-02FA-4E91-AD98-717CCB333A64}.Release|x86.ActiveCfg = Release|Any CPU
		{6B17D548-02FA-4E91-AD98-717CCB333A64}.Release|x86.Build.0 = Release|Any CPU
		{6B17D548-02FA-4E91-AD98-717CCB333A64}.Release|x86.Deploy.0 = Release|Any CPU
		{1784BC80-33EC-4D05-80BC-B23F450B179B}.Ad-Hoc|Any CPU.ActiveCfg = Ad-Hoc|iPhone
		{1784BC80-33EC-4D05-80BC-B23F450B179B}.Ad-Hoc|ARM.ActiveCfg = Ad-Hoc|iPhone
		{1784BC80-33EC-4D05-80BC-B23F450B179B}.Ad-Hoc|iPhone.ActiveCfg = Ad-Hoc|iPhone
		{1784BC80-33EC-4D05-80BC-B23F450B179B}.Ad-Hoc|iPhone.Build.0 = Ad-Hoc|iPhone
		{1784BC80-33EC-4D05-80BC-B23F450B179B}.Ad-Hoc|iPhoneSimulator.ActiveCfg = Ad-Hoc|iPhoneSimulator
		{1784BC80-33EC-4D05-80BC-B23F450B179B}.Ad-Hoc|iPhoneSimulator.Build.0 = Ad-Hoc|iPhoneSimulator
		{1784BC80-33EC-4D05-80BC-B23F450B179B}.Ad-Hoc|x64.ActiveCfg = Ad-Hoc|iPhone
		{1784BC80-33EC-4D05-80BC-B23F450B179B}.Ad-Hoc|x86.ActiveCfg = Ad-Hoc|iPhone
		{1784BC80-33EC-4D05-80BC-B23F450B179B}.AppStore|Any CPU.ActiveCfg = AppStore|iPhone
		{1784BC80-33EC-4D05-80BC-B23F450B179B}.AppStore|ARM.ActiveCfg = AppStore|iPhone
		{1784BC80-33EC-4D05-80BC-B23F450B179B}.AppStore|iPhone.ActiveCfg = AppStore|iPhone
		{1784BC80-33EC-4D05-80BC-B23F450B179B}.AppStore|iPhone.Build.0 = AppStore|iPhone
		{1784BC80-33EC-4D05-80BC-B23F450B179B}.AppStore|iPhoneSimulator.ActiveCfg = AppStore|iPhoneSimulator
		{1784BC80-33EC-4D05-80BC-B23F450B179B}.AppStore|iPhoneSimulator.Build.0 = AppStore|iPhoneSimulator
		{1784BC80-33EC-4D05-80BC-B23F450B179B}.AppStore|x64.ActiveCfg = AppStore|iPhone
		{1784BC80-33EC-4D05-80BC-B23F450B179B}.AppStore|x86.ActiveCfg = AppStore|iPhone
		{1784BC80-33EC-4D05-80BC-B23F450B179B}.Debug|Any CPU.ActiveCfg = Debug|iPhone
		{1784BC80-33EC-4D05-80BC-B23F450B179B}.Debug|ARM.ActiveCfg = Debug|iPhone
		{1784BC80-33EC-4D05-80BC-B23F450B179B}.Debug|iPhone.ActiveCfg = Debug|iPhone
		{1784BC80-33EC-4D05-80BC-B23F450B179B}.Debug|iPhone.Build.0 = Debug|iPhone
		{1784BC80-33EC-4D05-80BC-B23F450B179B}.Debug|iPhoneSimulator.ActiveCfg = Debug|iPhoneSimulator
		{1784BC80-33EC-4D05-80BC-B23F450B179B}.Debug|iPhoneSimulator.Build.0 = Debug|iPhoneSimulator
		{1784BC80-33EC-4D05-80BC-B23F450B179B}.Debug|x64.ActiveCfg = Debug|iPhone
		{1784BC80-33EC-4D05-80BC-B23F450B179B}.Debug|x86.ActiveCfg = Debug|iPhone
		{1784BC80-33EC-4D05-80BC-B23F450B179B}.Release|Any CPU.ActiveCfg = Release|iPhone
		{1784BC80-33EC-4D05-80BC-B23F450B179B}.Release|ARM.ActiveCfg = Release|iPhone
		{1784BC80-33EC-4D05-80BC-B23F450B179B}.Release|iPhone.ActiveCfg = Release|iPhone
		{1784BC80-33EC-4D05-80BC-B23F450B179B}.Release|iPhone.Build.0 = Release|iPhone
		{1784BC80-33EC-4D05-80BC-B23F450B179B}.Release|iPhoneSimulator.ActiveCfg = Release|iPhoneSimulator
		{1784BC80-33EC-4D05-80BC-B23F450B179B}.Release|iPhoneSimulator.Build.0 = Release|iPhoneSimulator
		{1784BC80-33EC-4D05-80BC-B23F450B179B}.Release|x64.ActiveCfg = Release|iPhone
		{1784BC80-33EC-4D05-80BC-B23F450B179B}.Release|x86.ActiveCfg = Release|iPhone
	EndGlobalSection
	GlobalSection(SolutionProperties) = preSolution
		HideSolutionNode = FALSE
	EndGlobalSection
EndGlobal
